// !$*UTF8*$!
{
	archiveVersion = 1;
	classes = {
	};
	objectVersion = 51;
	objects = {

/* Begin PBXBuildFile section */
		2A12BCFA2561A4520007A971 /* TimeCell.swift in Sources */ = {isa = PBXBuildFile; fileRef = 2A12BCF92561A4520007A971 /* TimeCell.swift */; };
		2A12BCFE2561C12B0007A971 /* BackPackCell_Test.swift in Sources */ = {isa = PBXBuildFile; fileRef = 2A12BCFD2561C12B0007A971 /* BackPackCell_Test.swift */; };
		2A12BD012561C1530007A971 /* NoteCell_Test.swift in Sources */ = {isa = PBXBuildFile; fileRef = 2A12BD002561C1530007A971 /* NoteCell_Test.swift */; };
		2A1F56F42562F83900312657 /* IncorrectNoteViewContoller.swift in Sources */ = {isa = PBXBuildFile; fileRef = 2A1F56F32562F83900312657 /* IncorrectNoteViewContoller.swift */; };
		2A1F56F82562FF9600312657 /* IncorrectQuestionCell.swift in Sources */ = {isa = PBXBuildFile; fileRef = 2A1F56F72562FF9600312657 /* IncorrectQuestionCell.swift */; };
		2A1F56FC25630EC300312657 /* ConfigViewController.swift in Sources */ = {isa = PBXBuildFile; fileRef = 2A1F56FB25630EC300312657 /* ConfigViewController.swift */; };
		2A1F57002563107D00312657 /* ConfigCell.swift in Sources */ = {isa = PBXBuildFile; fileRef = 2A1F56FF2563107D00312657 /* ConfigCell.swift */; };
		2A1F57032563127900312657 /* AlermViewController.swift in Sources */ = {isa = PBXBuildFile; fileRef = 2A1F57022563127900312657 /* AlermViewController.swift */; };
		2A1F57062563132500312657 /* AlermCell.swift in Sources */ = {isa = PBXBuildFile; fileRef = 2A1F57052563132500312657 /* AlermCell.swift */; };
		2A2057B7259C71F60027510F /* NanumGoDigANiGoGoDing.ttf in Resources */ = {isa = PBXBuildFile; fileRef = 2A2057B6259C71F60027510F /* NanumGoDigANiGoGoDing.ttf */; };
		2A2057BB259C73100027510F /* UIFont+.swift in Sources */ = {isa = PBXBuildFile; fileRef = 2A2057BA259C73100027510F /* UIFont+.swift */; };
		2A2057C8259CAD020027510F /* UIButton+.swift in Sources */ = {isa = PBXBuildFile; fileRef = 2A2057C7259CAD020027510F /* UIButton+.swift */; };
		2A2057CC259CAE110027510F /* Resource.swift in Sources */ = {isa = PBXBuildFile; fileRef = 2A2057CB259CAE110027510F /* Resource.swift */; };
		2A36E26C25346FD40031E55C /* QuestionCell.swift in Sources */ = {isa = PBXBuildFile; fileRef = 2A36E26B25346FD40031E55C /* QuestionCell.swift */; };
		2A36E2702534702D0031E55C /* QuestionOpenCell.swift in Sources */ = {isa = PBXBuildFile; fileRef = 2A36E26F2534702D0031E55C /* QuestionOpenCell.swift */; };
		2A36E273253470360031E55C /* MemoCell.swift in Sources */ = {isa = PBXBuildFile; fileRef = 2A36E272253470360031E55C /* MemoCell.swift */; };
		2A36E2762534703F0031E55C /* MemoOpenCell.swift in Sources */ = {isa = PBXBuildFile; fileRef = 2A36E2752534703F0031E55C /* MemoOpenCell.swift */; };
		2A3D294D2597209C008C8E10 /* ManualViewController.swift in Sources */ = {isa = PBXBuildFile; fileRef = 2A3D294C2597209C008C8E10 /* ManualViewController.swift */; };
		2A3D295725976F21008C8E10 /* ManualPopupViewController.swift in Sources */ = {isa = PBXBuildFile; fileRef = 2A3D295625976F21008C8E10 /* ManualPopupViewController.swift */; };
		2A3D295F25988117008C8E10 /* LaunchScreen.storyboard in Resources */ = {isa = PBXBuildFile; fileRef = 2A3D295E25988117008C8E10 /* LaunchScreen.storyboard */; };
		2A4145AE259B148B004BA856 /* ImageViewControllerForTest.swift in Sources */ = {isa = PBXBuildFile; fileRef = 2A4145AD259B148B004BA856 /* ImageViewControllerForTest.swift */; };
		2A4886C824DBDB62004A2CEB /* TimerViewController.swift in Sources */ = {isa = PBXBuildFile; fileRef = 2A4886C724DBDB62004A2CEB /* TimerViewController.swift */; };
		2A4886CA24DBE598004A2CEB /* TestViewController.swift in Sources */ = {isa = PBXBuildFile; fileRef = 2A4886C924DBE598004A2CEB /* TestViewController.swift */; };
		2A5E94B724A1C73B000596D8 /* AppDelegate.swift in Sources */ = {isa = PBXBuildFile; fileRef = 2A5E94B624A1C73B000596D8 /* AppDelegate.swift */; };
		2A5E94B924A1C73B000596D8 /* SceneDelegate.swift in Sources */ = {isa = PBXBuildFile; fileRef = 2A5E94B824A1C73B000596D8 /* SceneDelegate.swift */; };
		2A5E94C124A1C73B000596D8 /* BrainSupporter2.xcdatamodeld in Sources */ = {isa = PBXBuildFile; fileRef = 2A5E94BF24A1C73B000596D8 /* BrainSupporter2.xcdatamodeld */; };
		2A5E94C324A1C73E000596D8 /* Assets.xcassets in Resources */ = {isa = PBXBuildFile; fileRef = 2A5E94C224A1C73E000596D8 /* Assets.xcassets */; };
		2A5E94D024A1CAA5000596D8 /* RoundButton.swift in Sources */ = {isa = PBXBuildFile; fileRef = 2A5E94CF24A1CAA5000596D8 /* RoundButton.swift */; };
		2A5E94D224A1D3CE000596D8 /* HomeViewController.swift in Sources */ = {isa = PBXBuildFile; fileRef = 2A5E94D124A1D3CE000596D8 /* HomeViewController.swift */; };
		2A5E94D524A1D4D0000596D8 /* DataManager.swift in Sources */ = {isa = PBXBuildFile; fileRef = 2A5E94D424A1D4D0000596D8 /* DataManager.swift */; };
		2A5E94DB24A2261B000596D8 /* MakeBackPackViewController.swift in Sources */ = {isa = PBXBuildFile; fileRef = 2A5E94DA24A2261B000596D8 /* MakeBackPackViewController.swift */; };
		2A5E94DD24A22877000596D8 /* UIViewController+Alert.swift in Sources */ = {isa = PBXBuildFile; fileRef = 2A5E94DC24A22877000596D8 /* UIViewController+Alert.swift */; };
		2A5E94E624A71C82000596D8 /* MakeNoteViewController.swift in Sources */ = {isa = PBXBuildFile; fileRef = 2A5E94E524A71C82000596D8 /* MakeNoteViewController.swift */; };
		2A5E94E924A721FF000596D8 /* DropDownButton.swift in Sources */ = {isa = PBXBuildFile; fileRef = 2A5E94E824A721FF000596D8 /* DropDownButton.swift */; };
		2A5E94EB24A73727000596D8 /* DropDownView.swift in Sources */ = {isa = PBXBuildFile; fileRef = 2A5E94EA24A73727000596D8 /* DropDownView.swift */; };
		2A5E94EE24A8587C000596D8 /* BackPackCell.swift in Sources */ = {isa = PBXBuildFile; fileRef = 2A5E94ED24A8587C000596D8 /* BackPackCell.swift */; };
		2A5E94F024A860EF000596D8 /* Main.storyboard in Resources */ = {isa = PBXBuildFile; fileRef = 2A5E94EF24A860EF000596D8 /* Main.storyboard */; };
		2A6D74AA24A86C2600AFD0E1 /* NoteCell.swift in Sources */ = {isa = PBXBuildFile; fileRef = 2A6D74A924A86C2600AFD0E1 /* NoteCell.swift */; };
		2A6D74AE24A8883700AFD0E1 /* MakeQuestionViewController.swift in Sources */ = {isa = PBXBuildFile; fileRef = 2A6D74AD24A8883700AFD0E1 /* MakeQuestionViewController.swift */; };
		2A6D74B624B4816900AFD0E1 /* QuestionMemoViewController.swift in Sources */ = {isa = PBXBuildFile; fileRef = 2A6D74B524B4816900AFD0E1 /* QuestionMemoViewController.swift */; };
		2A6D74C024BB09BB00AFD0E1 /* MakeMemoViewController.swift in Sources */ = {isa = PBXBuildFile; fileRef = 2A6D74BF24BB09BB00AFD0E1 /* MakeMemoViewController.swift */; };
		2A6D74CA24C1964900AFD0E1 /* AnimUtils.swift in Sources */ = {isa = PBXBuildFile; fileRef = 2A6D74C924C1964900AFD0E1 /* AnimUtils.swift */; };
		2A6D74E324D40C8B00AFD0E1 /* TestSettingViewController.swift in Sources */ = {isa = PBXBuildFile; fileRef = 2A6D74E224D40C8B00AFD0E1 /* TestSettingViewController.swift */; };
		2A77977225F8FCA2003D55E3 /* PaddingLabel.swift in Sources */ = {isa = PBXBuildFile; fileRef = 2A77977125F8FCA2003D55E3 /* PaddingLabel.swift */; };
		2A77977925F907B4003D55E3 /* ToastManager.swift in Sources */ = {isa = PBXBuildFile; fileRef = 2A77977825F907B4003D55E3 /* ToastManager.swift */; };
		2A8FE583255022EF002B35E5 /* CollectionViewCell.swift in Sources */ = {isa = PBXBuildFile; fileRef = 2A8FE582255022EF002B35E5 /* CollectionViewCell.swift */; };
		2A912BFD25A1ECD200DBE23D /* ManualPageViewController.swift in Sources */ = {isa = PBXBuildFile; fileRef = 2A912BFC25A1ECD200DBE23D /* ManualPageViewController.swift */; };
		2AA62C0A25622A7500EA3E35 /* TestAnswerCell.swift in Sources */ = {isa = PBXBuildFile; fileRef = 2AA62C0925622A7500EA3E35 /* TestAnswerCell.swift */; };
		2AAC9749256785260037678C /* NotificationManager.swift in Sources */ = {isa = PBXBuildFile; fileRef = 2AAC9748256785260037678C /* NotificationManager.swift */; };
		2ADA4C5A24E6832C00283AC6 /* ImageViewController.swift in Sources */ = {isa = PBXBuildFile; fileRef = 2ADA4C5924E6832C00283AC6 /* ImageViewController.swift */; };
		2ADA4C5C24EBBDB200283AC6 /* ExplanationViewController.swift in Sources */ = {isa = PBXBuildFile; fileRef = 2ADA4C5B24EBBDB200283AC6 /* ExplanationViewController.swift */; };
		2ADA4C5E24EBC7BD00283AC6 /* QuestionAnswerCell.swift in Sources */ = {isa = PBXBuildFile; fileRef = 2ADA4C5D24EBC7BD00283AC6 /* QuestionAnswerCell.swift */; };
		2AEAB5C224E29EA000FF6E33 /* EndingCell.swift in Sources */ = {isa = PBXBuildFile; fileRef = 2AEAB5C124E29EA000FF6E33 /* EndingCell.swift */; };
		2AEAB5C424E2A15400FF6E33 /* EndTestTableViewController.swift in Sources */ = {isa = PBXBuildFile; fileRef = 2AEAB5C324E2A15400FF6E33 /* EndTestTableViewController.swift */; };
		3788CF0D15F44D47BA359ECC /* Pods_Nemo.framework in Frameworks */ = {isa = PBXBuildFile; fileRef = 735D830427728A39401B7DF3 /* Pods_Nemo.framework */; };
/* End PBXBuildFile section */

/* Begin PBXFileReference section */
		2A12BCF92561A4520007A971 /* TimeCell.swift */ = {isa = PBXFileReference; lastKnownFileType = sourcecode.swift; path = TimeCell.swift; sourceTree = "<group>"; };
		2A12BCFD2561C12B0007A971 /* BackPackCell_Test.swift */ = {isa = PBXFileReference; lastKnownFileType = sourcecode.swift; path = BackPackCell_Test.swift; sourceTree = "<group>"; };
		2A12BD002561C1530007A971 /* NoteCell_Test.swift */ = {isa = PBXFileReference; lastKnownFileType = sourcecode.swift; path = NoteCell_Test.swift; sourceTree = "<group>"; };
		2A1F56F32562F83900312657 /* IncorrectNoteViewContoller.swift */ = {isa = PBXFileReference; lastKnownFileType = sourcecode.swift; path = IncorrectNoteViewContoller.swift; sourceTree = "<group>"; };
		2A1F56F72562FF9600312657 /* IncorrectQuestionCell.swift */ = {isa = PBXFileReference; lastKnownFileType = sourcecode.swift; path = IncorrectQuestionCell.swift; sourceTree = "<group>"; };
		2A1F56FB25630EC300312657 /* ConfigViewController.swift */ = {isa = PBXFileReference; lastKnownFileType = sourcecode.swift; path = ConfigViewController.swift; sourceTree = "<group>"; };
		2A1F56FF2563107D00312657 /* ConfigCell.swift */ = {isa = PBXFileReference; lastKnownFileType = sourcecode.swift; path = ConfigCell.swift; sourceTree = "<group>"; };
		2A1F57022563127900312657 /* AlermViewController.swift */ = {isa = PBXFileReference; lastKnownFileType = sourcecode.swift; path = AlermViewController.swift; sourceTree = "<group>"; };
		2A1F57052563132500312657 /* AlermCell.swift */ = {isa = PBXFileReference; lastKnownFileType = sourcecode.swift; path = AlermCell.swift; sourceTree = "<group>"; };
		2A2057B6259C71F60027510F /* NanumGoDigANiGoGoDing.ttf */ = {isa = PBXFileReference; lastKnownFileType = file; path = NanumGoDigANiGoGoDing.ttf; sourceTree = "<group>"; };
		2A2057BA259C73100027510F /* UIFont+.swift */ = {isa = PBXFileReference; lastKnownFileType = sourcecode.swift; path = "UIFont+.swift"; sourceTree = "<group>"; };
		2A2057C7259CAD020027510F /* UIButton+.swift */ = {isa = PBXFileReference; lastKnownFileType = sourcecode.swift; path = "UIButton+.swift"; sourceTree = "<group>"; };
		2A2057CB259CAE110027510F /* Resource.swift */ = {isa = PBXFileReference; lastKnownFileType = sourcecode.swift; path = Resource.swift; sourceTree = "<group>"; };
		2A36E26B25346FD40031E55C /* QuestionCell.swift */ = {isa = PBXFileReference; lastKnownFileType = sourcecode.swift; path = QuestionCell.swift; sourceTree = "<group>"; };
		2A36E26F2534702D0031E55C /* QuestionOpenCell.swift */ = {isa = PBXFileReference; lastKnownFileType = sourcecode.swift; path = QuestionOpenCell.swift; sourceTree = "<group>"; };
		2A36E272253470360031E55C /* MemoCell.swift */ = {isa = PBXFileReference; lastKnownFileType = sourcecode.swift; path = MemoCell.swift; sourceTree = "<group>"; };
		2A36E2752534703F0031E55C /* MemoOpenCell.swift */ = {isa = PBXFileReference; lastKnownFileType = sourcecode.swift; path = MemoOpenCell.swift; sourceTree = "<group>"; };
		2A3D294C2597209C008C8E10 /* ManualViewController.swift */ = {isa = PBXFileReference; lastKnownFileType = sourcecode.swift; path = ManualViewController.swift; sourceTree = "<group>"; };
		2A3D295625976F21008C8E10 /* ManualPopupViewController.swift */ = {isa = PBXFileReference; lastKnownFileType = sourcecode.swift; path = ManualPopupViewController.swift; sourceTree = "<group>"; };
		2A3D295E25988117008C8E10 /* LaunchScreen.storyboard */ = {isa = PBXFileReference; lastKnownFileType = file.storyboard; path = LaunchScreen.storyboard; sourceTree = "<group>"; };
		2A4145AD259B148B004BA856 /* ImageViewControllerForTest.swift */ = {isa = PBXFileReference; lastKnownFileType = sourcecode.swift; path = ImageViewControllerForTest.swift; sourceTree = "<group>"; };
		2A4886C724DBDB62004A2CEB /* TimerViewController.swift */ = {isa = PBXFileReference; lastKnownFileType = sourcecode.swift; path = TimerViewController.swift; sourceTree = "<group>"; };
		2A4886C924DBE598004A2CEB /* TestViewController.swift */ = {isa = PBXFileReference; lastKnownFileType = sourcecode.swift; path = TestViewController.swift; sourceTree = "<group>"; };
		2A5E94B324A1C73B000596D8 /* Nemo.app */ = {isa = PBXFileReference; explicitFileType = wrapper.application; includeInIndex = 0; path = Nemo.app; sourceTree = BUILT_PRODUCTS_DIR; };
		2A5E94B624A1C73B000596D8 /* AppDelegate.swift */ = {isa = PBXFileReference; lastKnownFileType = sourcecode.swift; path = AppDelegate.swift; sourceTree = "<group>"; };
		2A5E94B824A1C73B000596D8 /* SceneDelegate.swift */ = {isa = PBXFileReference; lastKnownFileType = sourcecode.swift; path = SceneDelegate.swift; sourceTree = "<group>"; };
		2A5E94C024A1C73B000596D8 /* BrainSupporter2.xcdatamodel */ = {isa = PBXFileReference; lastKnownFileType = wrapper.xcdatamodel; path = BrainSupporter2.xcdatamodel; sourceTree = "<group>"; };
		2A5E94C224A1C73E000596D8 /* Assets.xcassets */ = {isa = PBXFileReference; lastKnownFileType = folder.assetcatalog; name = Assets.xcassets; path = Nemo/SupportingFiles/Assets.xcassets; sourceTree = SOURCE_ROOT; };
		2A5E94C724A1C73E000596D8 /* Info.plist */ = {isa = PBXFileReference; lastKnownFileType = text.plist.xml; path = Info.plist; sourceTree = "<group>"; };
		2A5E94CF24A1CAA5000596D8 /* RoundButton.swift */ = {isa = PBXFileReference; lastKnownFileType = sourcecode.swift; path = RoundButton.swift; sourceTree = "<group>"; };
		2A5E94D124A1D3CE000596D8 /* HomeViewController.swift */ = {isa = PBXFileReference; lastKnownFileType = sourcecode.swift; path = HomeViewController.swift; sourceTree = "<group>"; };
		2A5E94D424A1D4D0000596D8 /* DataManager.swift */ = {isa = PBXFileReference; lastKnownFileType = sourcecode.swift; path = DataManager.swift; sourceTree = "<group>"; };
		2A5E94DA24A2261B000596D8 /* MakeBackPackViewController.swift */ = {isa = PBXFileReference; lastKnownFileType = sourcecode.swift; path = MakeBackPackViewController.swift; sourceTree = "<group>"; };
		2A5E94DC24A22877000596D8 /* UIViewController+Alert.swift */ = {isa = PBXFileReference; lastKnownFileType = sourcecode.swift; path = "UIViewController+Alert.swift"; sourceTree = "<group>"; };
		2A5E94E524A71C82000596D8 /* MakeNoteViewController.swift */ = {isa = PBXFileReference; lastKnownFileType = sourcecode.swift; path = MakeNoteViewController.swift; sourceTree = "<group>"; };
		2A5E94E824A721FF000596D8 /* DropDownButton.swift */ = {isa = PBXFileReference; lastKnownFileType = sourcecode.swift; path = DropDownButton.swift; sourceTree = "<group>"; };
		2A5E94EA24A73727000596D8 /* DropDownView.swift */ = {isa = PBXFileReference; lastKnownFileType = sourcecode.swift; path = DropDownView.swift; sourceTree = "<group>"; };
		2A5E94ED24A8587C000596D8 /* BackPackCell.swift */ = {isa = PBXFileReference; lastKnownFileType = sourcecode.swift; path = BackPackCell.swift; sourceTree = "<group>"; };
		2A5E94EF24A860EF000596D8 /* Main.storyboard */ = {isa = PBXFileReference; fileEncoding = 4; lastKnownFileType = file.storyboard; name = Main.storyboard; path = Nemo/SupportingFiles/Main.storyboard; sourceTree = SOURCE_ROOT; };
		2A6D74A924A86C2600AFD0E1 /* NoteCell.swift */ = {isa = PBXFileReference; lastKnownFileType = sourcecode.swift; path = NoteCell.swift; sourceTree = "<group>"; };
		2A6D74AD24A8883700AFD0E1 /* MakeQuestionViewController.swift */ = {isa = PBXFileReference; lastKnownFileType = sourcecode.swift; path = MakeQuestionViewController.swift; sourceTree = "<group>"; };
		2A6D74B524B4816900AFD0E1 /* QuestionMemoViewController.swift */ = {isa = PBXFileReference; lastKnownFileType = sourcecode.swift; path = QuestionMemoViewController.swift; sourceTree = "<group>"; };
		2A6D74BF24BB09BB00AFD0E1 /* MakeMemoViewController.swift */ = {isa = PBXFileReference; lastKnownFileType = sourcecode.swift; path = MakeMemoViewController.swift; sourceTree = "<group>"; };
		2A6D74C924C1964900AFD0E1 /* AnimUtils.swift */ = {isa = PBXFileReference; lastKnownFileType = sourcecode.swift; path = AnimUtils.swift; sourceTree = "<group>"; };
		2A6D74E224D40C8B00AFD0E1 /* TestSettingViewController.swift */ = {isa = PBXFileReference; lastKnownFileType = sourcecode.swift; path = TestSettingViewController.swift; sourceTree = "<group>"; };
		2A77977125F8FCA2003D55E3 /* PaddingLabel.swift */ = {isa = PBXFileReference; lastKnownFileType = sourcecode.swift; path = PaddingLabel.swift; sourceTree = "<group>"; };
		2A77977825F907B4003D55E3 /* ToastManager.swift */ = {isa = PBXFileReference; lastKnownFileType = sourcecode.swift; path = ToastManager.swift; sourceTree = "<group>"; };
		2A8FE582255022EF002B35E5 /* CollectionViewCell.swift */ = {isa = PBXFileReference; lastKnownFileType = sourcecode.swift; path = CollectionViewCell.swift; sourceTree = "<group>"; };
		2A912BFC25A1ECD200DBE23D /* ManualPageViewController.swift */ = {isa = PBXFileReference; lastKnownFileType = sourcecode.swift; path = ManualPageViewController.swift; sourceTree = "<group>"; };
		2AA62C0925622A7500EA3E35 /* TestAnswerCell.swift */ = {isa = PBXFileReference; lastKnownFileType = sourcecode.swift; path = TestAnswerCell.swift; sourceTree = "<group>"; };
		2AAC9748256785260037678C /* NotificationManager.swift */ = {isa = PBXFileReference; lastKnownFileType = sourcecode.swift; path = NotificationManager.swift; sourceTree = "<group>"; };
		2ADA4C5924E6832C00283AC6 /* ImageViewController.swift */ = {isa = PBXFileReference; lastKnownFileType = sourcecode.swift; path = ImageViewController.swift; sourceTree = "<group>"; };
		2ADA4C5B24EBBDB200283AC6 /* ExplanationViewController.swift */ = {isa = PBXFileReference; lastKnownFileType = sourcecode.swift; path = ExplanationViewController.swift; sourceTree = "<group>"; };
		2ADA4C5D24EBC7BD00283AC6 /* QuestionAnswerCell.swift */ = {isa = PBXFileReference; lastKnownFileType = sourcecode.swift; path = QuestionAnswerCell.swift; sourceTree = "<group>"; };
		2AEAB5C124E29EA000FF6E33 /* EndingCell.swift */ = {isa = PBXFileReference; lastKnownFileType = sourcecode.swift; path = EndingCell.swift; sourceTree = "<group>"; };
		2AEAB5C324E2A15400FF6E33 /* EndTestTableViewController.swift */ = {isa = PBXFileReference; lastKnownFileType = sourcecode.swift; path = EndTestTableViewController.swift; sourceTree = "<group>"; };
		735D830427728A39401B7DF3 /* Pods_Nemo.framework */ = {isa = PBXFileReference; explicitFileType = wrapper.framework; includeInIndex = 0; path = Pods_Nemo.framework; sourceTree = BUILT_PRODUCTS_DIR; };
		824906C8C52517E3020608CD /* Pods-Nemo.release.xcconfig */ = {isa = PBXFileReference; includeInIndex = 1; lastKnownFileType = text.xcconfig; name = "Pods-Nemo.release.xcconfig"; path = "Target Support Files/Pods-Nemo/Pods-Nemo.release.xcconfig"; sourceTree = "<group>"; };
		D0B22AD1724CE7C93030A3CC /* Pods-Nemo.debug.xcconfig */ = {isa = PBXFileReference; includeInIndex = 1; lastKnownFileType = text.xcconfig; name = "Pods-Nemo.debug.xcconfig"; path = "Target Support Files/Pods-Nemo/Pods-Nemo.debug.xcconfig"; sourceTree = "<group>"; };
/* End PBXFileReference section */

/* Begin PBXFrameworksBuildPhase section */
		2A5E94B024A1C73B000596D8 /* Frameworks */ = {
			isa = PBXFrameworksBuildPhase;
			buildActionMask = 2147483647;
			files = (
				3788CF0D15F44D47BA359ECC /* Pods_Nemo.framework in Frameworks */,
			);
			runOnlyForDeploymentPostprocessing = 0;
		};
/* End PBXFrameworksBuildPhase section */

/* Begin PBXGroup section */
		045976B5179A8202CB34AE31 /* Pods */ = {
			isa = PBXGroup;
			children = (
				D0B22AD1724CE7C93030A3CC /* Pods-Nemo.debug.xcconfig */,
				824906C8C52517E3020608CD /* Pods-Nemo.release.xcconfig */,
			);
			path = Pods;
			sourceTree = "<group>";
		};
		2A12BCF525619C1B0007A971 /* Test */ = {
			isa = PBXGroup;
			children = (
				2A12BCF82561A42E0007A971 /* Setting */,
				2AA62C012561DA0000EA3E35 /* Timer */,
				2AA62C072562249A00EA3E35 /* Test */,
				2A1F56EB2562CDA800312657 /* End */,
				2A1F56EE2562EA8B00312657 /* Explanation */,
			);
			path = Test;
			sourceTree = "<group>";
		};
		2A12BCF625619C390007A971 /* List */ = {
			isa = PBXGroup;
			children = (
				2A5E94D124A1D3CE000596D8 /* HomeViewController.swift */,
				2A12BD042561C2F20007A971 /* Cell */,
			);
			path = List;
			sourceTree = "<group>";
		};
		2A12BCF82561A42E0007A971 /* Setting */ = {
			isa = PBXGroup;
			children = (
				2A6D74E224D40C8B00AFD0E1 /* TestSettingViewController.swift */,
				2A12BD032561C1760007A971 /* Cell */,
			);
			path = Setting;
			sourceTree = "<group>";
		};
		2A12BD032561C1760007A971 /* Cell */ = {
			isa = PBXGroup;
			children = (
				2A12BCFD2561C12B0007A971 /* BackPackCell_Test.swift */,
				2A12BD002561C1530007A971 /* NoteCell_Test.swift */,
				2A12BCF92561A4520007A971 /* TimeCell.swift */,
			);
			path = Cell;
			sourceTree = "<group>";
		};
		2A12BD042561C2F20007A971 /* Cell */ = {
			isa = PBXGroup;
			children = (
				2A5E94ED24A8587C000596D8 /* BackPackCell.swift */,
				2A6D74A924A86C2600AFD0E1 /* NoteCell.swift */,
			);
			path = Cell;
			sourceTree = "<group>";
		};
		2A1A6A98253AFDE100577E10 /* Make */ = {
			isa = PBXGroup;
			children = (
				2A6D74BF24BB09BB00AFD0E1 /* MakeMemoViewController.swift */,
				2A6D74AD24A8883700AFD0E1 /* MakeQuestionViewController.swift */,
				2A673B56256147F9004B3479 /* Cell */,
			);
			path = Make;
			sourceTree = "<group>";
		};
		2A1A6A99253AFF9D00577E10 /* Make */ = {
			isa = PBXGroup;
			children = (
				2A5E94DA24A2261B000596D8 /* MakeBackPackViewController.swift */,
				2A5E94E524A71C82000596D8 /* MakeNoteViewController.swift */,
			);
			path = Make;
			sourceTree = "<group>";
		};
		2A1F56EB2562CDA800312657 /* End */ = {
			isa = PBXGroup;
			children = (
				2AEAB5C324E2A15400FF6E33 /* EndTestTableViewController.swift */,
				2AEAB5C124E29EA000FF6E33 /* EndingCell.swift */,
			);
			path = End;
			sourceTree = "<group>";
		};
		2A1F56EE2562EA8B00312657 /* Explanation */ = {
			isa = PBXGroup;
			children = (
				2ADA4C5B24EBBDB200283AC6 /* ExplanationViewController.swift */,
			);
			path = Explanation;
			sourceTree = "<group>";
		};
		2A1F56F12562F7AB00312657 /* IncorrectNote */ = {
			isa = PBXGroup;
			children = (
				2A1F56F32562F83900312657 /* IncorrectNoteViewContoller.swift */,
				2A1F56F72562FF9600312657 /* IncorrectQuestionCell.swift */,
			);
			name = IncorrectNote;
			sourceTree = "<group>";
		};
		2A1F56FA25630E5300312657 /* Config */ = {
			isa = PBXGroup;
			children = (
				2A1F56FB25630EC300312657 /* ConfigViewController.swift */,
				2A1F56FF2563107D00312657 /* ConfigCell.swift */,
				2AAC97502567AFEC0037678C /* Alerm */,
				2A3D294B25972075008C8E10 /* Manual */,
			);
			path = Config;
			sourceTree = "<group>";
		};
		2A2057B9259C72FC0027510F /* Extension */ = {
			isa = PBXGroup;
			children = (
				2A2057BA259C73100027510F /* UIFont+.swift */,
				2A2057C7259CAD020027510F /* UIButton+.swift */,
			);
			path = Extension;
			sourceTree = "<group>";
		};
		2A2057CA259CAE050027510F /* Resource */ = {
			isa = PBXGroup;
			children = (
				2A2057CB259CAE110027510F /* Resource.swift */,
			);
			path = Resource;
			sourceTree = "<group>";
		};
		2A36E26A25346F230031E55C /* QuestionMemo */ = {
			isa = PBXGroup;
			children = (
				2A673B572561483C004B3479 /* List */,
				2A1A6A98253AFDE100577E10 /* Make */,
			);
			path = QuestionMemo;
			sourceTree = "<group>";
		};
		2A3D294B25972075008C8E10 /* Manual */ = {
			isa = PBXGroup;
			children = (
				2A912BFC25A1ECD200DBE23D /* ManualPageViewController.swift */,
				2A3D294C2597209C008C8E10 /* ManualViewController.swift */,
			);
			path = Manual;
			sourceTree = "<group>";
		};
		2A4145C9259C6ECD004BA856 /* Font */ = {
			isa = PBXGroup;
			children = (
				2A2057B6259C71F60027510F /* NanumGoDigANiGoGoDing.ttf */,
			);
			path = Font;
			sourceTree = "<group>";
		};
		2A5E94AA24A1C73B000596D8 = {
			isa = PBXGroup;
			children = (
				2A5E94B524A1C73B000596D8 /* Nemo */,
				2A5E94B424A1C73B000596D8 /* Products */,
				045976B5179A8202CB34AE31 /* Pods */,
				D0FF8176F59D5ADED261FB2C /* Frameworks */,
			);
			sourceTree = "<group>";
		};
		2A5E94B424A1C73B000596D8 /* Products */ = {
			isa = PBXGroup;
			children = (
				2A5E94B324A1C73B000596D8 /* Nemo.app */,
			);
			name = Products;
			sourceTree = "<group>";
		};
		2A5E94B524A1C73B000596D8 /* Nemo */ = {
			isa = PBXGroup;
			children = (
				2A77977725F907A5003D55E3 /* Managers */,
				2A2057CA259CAE050027510F /* Resource */,
				2A77977025F8FC8C003D55E3 /* Controls */,
				2A2057B9259C72FC0027510F /* Extension */,
				2AAC9739256775BE0037678C /* SupportingFiles */,
				2A6F84DB254C161D0000345F /* Foundation */,
				2A5E94D324A1D4A7000596D8 /* CoreData */,
				2AFFE4B6252B20920046C687 /* Home */,
				2A36E26A25346F230031E55C /* QuestionMemo */,
				2A12BCF525619C1B0007A971 /* Test */,
				2A1F56F12562F7AB00312657 /* IncorrectNote */,
				2A1F56FA25630E5300312657 /* Config */,
			);
			path = Nemo;
			sourceTree = "<group>";
		};
		2A5E94D324A1D4A7000596D8 /* CoreData */ = {
			isa = PBXGroup;
			children = (
				2A5E94D424A1D4D0000596D8 /* DataManager.swift */,
				2A5E94BF24A1C73B000596D8 /* BrainSupporter2.xcdatamodeld */,
			);
			path = CoreData;
			sourceTree = "<group>";
		};
		2A5E94E724A721D8000596D8 /* Buttons */ = {
			isa = PBXGroup;
			children = (
				2A5E94CF24A1CAA5000596D8 /* RoundButton.swift */,
				2A5E94E824A721FF000596D8 /* DropDownButton.swift */,
				2A5E94EA24A73727000596D8 /* DropDownView.swift */,
			);
			path = Buttons;
			sourceTree = "<group>";
		};
		2A5E94EC24A85847000596D8 /* Cells */ = {
			isa = PBXGroup;
			children = (
				2A8FE582255022EF002B35E5 /* CollectionViewCell.swift */,
			);
			path = Cells;
			sourceTree = "<group>";
		};
		2A673B56256147F9004B3479 /* Cell */ = {
			isa = PBXGroup;
			children = (
				2ADA4C5D24EBC7BD00283AC6 /* QuestionAnswerCell.swift */,
			);
			path = Cell;
			sourceTree = "<group>";
		};
		2A673B572561483C004B3479 /* List */ = {
			isa = PBXGroup;
			children = (
				2A6D74B524B4816900AFD0E1 /* QuestionMemoViewController.swift */,
				2A673B5825614849004B3479 /* Cell */,
			);
			path = List;
			sourceTree = "<group>";
		};
		2A673B5825614849004B3479 /* Cell */ = {
			isa = PBXGroup;
			children = (
				2A36E26F2534702D0031E55C /* QuestionOpenCell.swift */,
				2A36E2752534703F0031E55C /* MemoOpenCell.swift */,
				2A36E26B25346FD40031E55C /* QuestionCell.swift */,
				2A36E272253470360031E55C /* MemoCell.swift */,
			);
			path = Cell;
			sourceTree = "<group>";
		};
		2A6F84DB254C161D0000345F /* Foundation */ = {
			isa = PBXGroup;
			children = (
				2A912BFA25A1E17800DBE23D /* Popup */,
				2AAC9747256784FE0037678C /* NotificationManager */,
				2AAC9742256776120037678C /* Animate */,
				2AAC973F256775DE0037678C /* Extensions */,
				2AAC973D256775D60037678C /* ImageView */,
				2A5E94E724A721D8000596D8 /* Buttons */,
				2A5E94EC24A85847000596D8 /* Cells */,
			);
			path = Foundation;
			sourceTree = "<group>";
		};
		2A77977025F8FC8C003D55E3 /* Controls */ = {
			isa = PBXGroup;
			children = (
				2A77977125F8FCA2003D55E3 /* PaddingLabel.swift */,
			);
			path = Controls;
			sourceTree = "<group>";
		};
		2A77977725F907A5003D55E3 /* Managers */ = {
			isa = PBXGroup;
			children = (
				2A77977825F907B4003D55E3 /* ToastManager.swift */,
			);
			path = Managers;
			sourceTree = "<group>";
		};
		2A912BFA25A1E17800DBE23D /* Popup */ = {
			isa = PBXGroup;
			children = (
				2A3D295625976F21008C8E10 /* ManualPopupViewController.swift */,
			);
			path = Popup;
			sourceTree = "<group>";
		};
		2AA62C012561DA0000EA3E35 /* Timer */ = {
			isa = PBXGroup;
			children = (
				2A4886C724DBDB62004A2CEB /* TimerViewController.swift */,
			);
			path = Timer;
			sourceTree = "<group>";
		};
		2AA62C072562249A00EA3E35 /* Test */ = {
			isa = PBXGroup;
			children = (
				2A4886C924DBE598004A2CEB /* TestViewController.swift */,
				2AA62C0925622A7500EA3E35 /* TestAnswerCell.swift */,
			);
			path = Test;
			sourceTree = "<group>";
		};
		2AAC9739256775BE0037678C /* SupportingFiles */ = {
			isa = PBXGroup;
			children = (
				2A4145C9259C6ECD004BA856 /* Font */,
				2A5E94C724A1C73E000596D8 /* Info.plist */,
				2A3D295E25988117008C8E10 /* LaunchScreen.storyboard */,
				2A5E94B624A1C73B000596D8 /* AppDelegate.swift */,
				2A5E94B824A1C73B000596D8 /* SceneDelegate.swift */,
				2A5E94EF24A860EF000596D8 /* Main.storyboard */,
				2A5E94C224A1C73E000596D8 /* Assets.xcassets */,
			);
			path = SupportingFiles;
			sourceTree = "<group>";
		};
		2AAC973D256775D60037678C /* ImageView */ = {
			isa = PBXGroup;
			children = (
				2ADA4C5924E6832C00283AC6 /* ImageViewController.swift */,
				2A4145AD259B148B004BA856 /* ImageViewControllerForTest.swift */,
			);
			path = ImageView;
			sourceTree = "<group>";
		};
		2AAC973F256775DE0037678C /* Extensions */ = {
			isa = PBXGroup;
			children = (
				2A5E94DC24A22877000596D8 /* UIViewController+Alert.swift */,
			);
			path = Extensions;
			sourceTree = "<group>";
		};
		2AAC9742256776120037678C /* Animate */ = {
			isa = PBXGroup;
			children = (
				2A6D74C924C1964900AFD0E1 /* AnimUtils.swift */,
			);
			path = Animate;
			sourceTree = "<group>";
		};
		2AAC9747256784FE0037678C /* NotificationManager */ = {
			isa = PBXGroup;
			children = (
				2AAC9748256785260037678C /* NotificationManager.swift */,
			);
			path = NotificationManager;
			sourceTree = "<group>";
		};
		2AAC97502567AFEC0037678C /* Alerm */ = {
			isa = PBXGroup;
			children = (
				2A1F57022563127900312657 /* AlermViewController.swift */,
				2A1F57052563132500312657 /* AlermCell.swift */,
			);
			path = Alerm;
			sourceTree = "<group>";
		};
		2AFFE4B6252B20920046C687 /* Home */ = {
			isa = PBXGroup;
			children = (
				2A12BCF625619C390007A971 /* List */,
				2A1A6A99253AFF9D00577E10 /* Make */,
			);
			path = Home;
			sourceTree = "<group>";
		};
		D0FF8176F59D5ADED261FB2C /* Frameworks */ = {
			isa = PBXGroup;
			children = (
				735D830427728A39401B7DF3 /* Pods_Nemo.framework */,
			);
			name = Frameworks;
			sourceTree = "<group>";
		};
/* End PBXGroup section */

/* Begin PBXNativeTarget section */
		2A5E94B224A1C73B000596D8 /* Nemo */ = {
			isa = PBXNativeTarget;
			buildConfigurationList = 2A5E94CA24A1C73E000596D8 /* Build configuration list for PBXNativeTarget "Nemo" */;
			buildPhases = (
				3E7F37449D748E3EA6A053A5 /* [CP] Check Pods Manifest.lock */,
				2A5E94AF24A1C73B000596D8 /* Sources */,
				2A5E94B024A1C73B000596D8 /* Frameworks */,
				2A5E94B124A1C73B000596D8 /* Resources */,
				016A2C7F264981D2FCC59598 /* [CP] Embed Pods Frameworks */,
			);
			buildRules = (
			);
			dependencies = (
			);
			name = Nemo;
			productName = BrainSupporter2;
			productReference = 2A5E94B324A1C73B000596D8 /* Nemo.app */;
			productType = "com.apple.product-type.application";
		};
/* End PBXNativeTarget section */

/* Begin PBXProject section */
		2A5E94AB24A1C73B000596D8 /* Project object */ = {
			isa = PBXProject;
			attributes = {
				LastSwiftUpdateCheck = 1150;
				LastUpgradeCheck = 1230;
				ORGANIZATIONNAME = "Park young ho";
				TargetAttributes = {
					2A5E94B224A1C73B000596D8 = {
						CreatedOnToolsVersion = 11.5;
					};
				};
			};
			buildConfigurationList = 2A5E94AE24A1C73B000596D8 /* Build configuration list for PBXProject "Nemo" */;
			compatibilityVersion = "Xcode 9.3";
			developmentRegion = en;
			hasScannedForEncodings = 0;
			knownRegions = (
				en,
				Base,
			);
			mainGroup = 2A5E94AA24A1C73B000596D8;
			productRefGroup = 2A5E94B424A1C73B000596D8 /* Products */;
			projectDirPath = "";
			projectRoot = "";
			targets = (
				2A5E94B224A1C73B000596D8 /* Nemo */,
			);
		};
/* End PBXProject section */

/* Begin PBXResourcesBuildPhase section */
		2A5E94B124A1C73B000596D8 /* Resources */ = {
			isa = PBXResourcesBuildPhase;
			buildActionMask = 2147483647;
			files = (
				2A2057B7259C71F60027510F /* NanumGoDigANiGoGoDing.ttf in Resources */,
				2A5E94F024A860EF000596D8 /* Main.storyboard in Resources */,
				2A3D295F25988117008C8E10 /* LaunchScreen.storyboard in Resources */,
				2A5E94C324A1C73E000596D8 /* Assets.xcassets in Resources */,
			);
			runOnlyForDeploymentPostprocessing = 0;
		};
/* End PBXResourcesBuildPhase section */

/* Begin PBXShellScriptBuildPhase section */
		016A2C7F264981D2FCC59598 /* [CP] Embed Pods Frameworks */ = {
			isa = PBXShellScriptBuildPhase;
			buildActionMask = 2147483647;
			files = (
			);
			inputFileListPaths = (
				"${PODS_ROOT}/Target Support Files/Pods-Nemo/Pods-Nemo-frameworks-${CONFIGURATION}-input-files.xcfilelist",
			);
			name = "[CP] Embed Pods Frameworks";
			outputFileListPaths = (
				"${PODS_ROOT}/Target Support Files/Pods-Nemo/Pods-Nemo-frameworks-${CONFIGURATION}-output-files.xcfilelist",
			);
			runOnlyForDeploymentPostprocessing = 0;
			shellPath = /bin/sh;
			shellScript = "\"${PODS_ROOT}/Target Support Files/Pods-Nemo/Pods-Nemo-frameworks.sh\"\n";
			showEnvVarsInLog = 0;
		};
		3E7F37449D748E3EA6A053A5 /* [CP] Check Pods Manifest.lock */ = {
			isa = PBXShellScriptBuildPhase;
			buildActionMask = 2147483647;
			files = (
			);
			inputFileListPaths = (
			);
			inputPaths = (
				"${PODS_PODFILE_DIR_PATH}/Podfile.lock",
				"${PODS_ROOT}/Manifest.lock",
			);
			name = "[CP] Check Pods Manifest.lock";
			outputFileListPaths = (
			);
			outputPaths = (
				"$(DERIVED_FILE_DIR)/Pods-Nemo-checkManifestLockResult.txt",
			);
			runOnlyForDeploymentPostprocessing = 0;
			shellPath = /bin/sh;
			shellScript = "diff \"${PODS_PODFILE_DIR_PATH}/Podfile.lock\" \"${PODS_ROOT}/Manifest.lock\" > /dev/null\nif [ $? != 0 ] ; then\n    # print error to STDERR\n    echo \"error: The sandbox is not in sync with the Podfile.lock. Run 'pod install' or update your CocoaPods installation.\" >&2\n    exit 1\nfi\n# This output is used by Xcode 'outputs' to avoid re-running this script phase.\necho \"SUCCESS\" > \"${SCRIPT_OUTPUT_FILE_0}\"\n";
			showEnvVarsInLog = 0;
		};
/* End PBXShellScriptBuildPhase section */

/* Begin PBXSourcesBuildPhase section */
		2A5E94AF24A1C73B000596D8 /* Sources */ = {
			isa = PBXSourcesBuildPhase;
			buildActionMask = 2147483647;
			files = (
				2A1F56F82562FF9600312657 /* IncorrectQuestionCell.swift in Sources */,
				2ADA4C5E24EBC7BD00283AC6 /* QuestionAnswerCell.swift in Sources */,
				2A6D74CA24C1964900AFD0E1 /* AnimUtils.swift in Sources */,
				2A912BFD25A1ECD200DBE23D /* ManualPageViewController.swift in Sources */,
				2A5E94E924A721FF000596D8 /* DropDownButton.swift in Sources */,
				2A77977925F907B4003D55E3 /* ToastManager.swift in Sources */,
				2A5E94E624A71C82000596D8 /* MakeNoteViewController.swift in Sources */,
				2A6D74B624B4816900AFD0E1 /* QuestionMemoViewController.swift in Sources */,
				2A1F57032563127900312657 /* AlermViewController.swift in Sources */,
				2A5E94D024A1CAA5000596D8 /* RoundButton.swift in Sources */,
				2A5E94B724A1C73B000596D8 /* AppDelegate.swift in Sources */,
				2A8FE583255022EF002B35E5 /* CollectionViewCell.swift in Sources */,
				2A6D74AE24A8883700AFD0E1 /* MakeQuestionViewController.swift in Sources */,
				2A5E94D524A1D4D0000596D8 /* DataManager.swift in Sources */,
				2A12BD012561C1530007A971 /* NoteCell_Test.swift in Sources */,
				2AAC9749256785260037678C /* NotificationManager.swift in Sources */,
				2AA62C0A25622A7500EA3E35 /* TestAnswerCell.swift in Sources */,
				2A1F56FC25630EC300312657 /* ConfigViewController.swift in Sources */,
				2A4145AE259B148B004BA856 /* ImageViewControllerForTest.swift in Sources */,
				2AEAB5C224E29EA000FF6E33 /* EndingCell.swift in Sources */,
				2A6D74AA24A86C2600AFD0E1 /* NoteCell.swift in Sources */,
				2A2057CC259CAE110027510F /* Resource.swift in Sources */,
				2A1F57062563132500312657 /* AlermCell.swift in Sources */,
				2A5E94EB24A73727000596D8 /* DropDownView.swift in Sources */,
				2A5E94C124A1C73B000596D8 /* BrainSupporter2.xcdatamodeld in Sources */,
				2ADA4C5C24EBBDB200283AC6 /* ExplanationViewController.swift in Sources */,
				2A5E94DD24A22877000596D8 /* UIViewController+Alert.swift in Sources */,
				2A5E94B924A1C73B000596D8 /* SceneDelegate.swift in Sources */,
				2A36E26C25346FD40031E55C /* QuestionCell.swift in Sources */,
				2A36E2702534702D0031E55C /* QuestionOpenCell.swift in Sources */,
				2A12BCFA2561A4520007A971 /* TimeCell.swift in Sources */,
				2A1F56F42562F83900312657 /* IncorrectNoteViewContoller.swift in Sources */,
				2A5E94EE24A8587C000596D8 /* BackPackCell.swift in Sources */,
				2ADA4C5A24E6832C00283AC6 /* ImageViewController.swift in Sources */,
				2A12BCFE2561C12B0007A971 /* BackPackCell_Test.swift in Sources */,
				2A3D295725976F21008C8E10 /* ManualPopupViewController.swift in Sources */,
				2A5E94D224A1D3CE000596D8 /* HomeViewController.swift in Sources */,
				2A77977225F8FCA2003D55E3 /* PaddingLabel.swift in Sources */,
				2A36E2762534703F0031E55C /* MemoOpenCell.swift in Sources */,
				2A2057C8259CAD020027510F /* UIButton+.swift in Sources */,
				2A6D74E324D40C8B00AFD0E1 /* TestSettingViewController.swift in Sources */,
				2A36E273253470360031E55C /* MemoCell.swift in Sources */,
				2A2057BB259C73100027510F /* UIFont+.swift in Sources */,
				2A6D74C024BB09BB00AFD0E1 /* MakeMemoViewController.swift in Sources */,
				2A4886C824DBDB62004A2CEB /* TimerViewController.swift in Sources */,
				2A4886CA24DBE598004A2CEB /* TestViewController.swift in Sources */,
				2A1F57002563107D00312657 /* ConfigCell.swift in Sources */,
				2AEAB5C424E2A15400FF6E33 /* EndTestTableViewController.swift in Sources */,
				2A3D294D2597209C008C8E10 /* ManualViewController.swift in Sources */,
				2A5E94DB24A2261B000596D8 /* MakeBackPackViewController.swift in Sources */,
			);
			runOnlyForDeploymentPostprocessing = 0;
		};
/* End PBXSourcesBuildPhase section */

/* Begin XCBuildConfiguration section */
		2A5E94C824A1C73E000596D8 /* Debug */ = {
			isa = XCBuildConfiguration;
			buildSettings = {
				ALWAYS_SEARCH_USER_PATHS = NO;
				CLANG_ANALYZER_NONNULL = YES;
				CLANG_ANALYZER_NUMBER_OBJECT_CONVERSION = YES_AGGRESSIVE;
				CLANG_CXX_LANGUAGE_STANDARD = "gnu++14";
				CLANG_CXX_LIBRARY = "libc++";
				CLANG_ENABLE_MODULES = YES;
				CLANG_ENABLE_OBJC_ARC = YES;
				CLANG_ENABLE_OBJC_WEAK = YES;
				CLANG_WARN_BLOCK_CAPTURE_AUTORELEASING = YES;
				CLANG_WARN_BOOL_CONVERSION = YES;
				CLANG_WARN_COMMA = YES;
				CLANG_WARN_CONSTANT_CONVERSION = YES;
				CLANG_WARN_DEPRECATED_OBJC_IMPLEMENTATIONS = YES;
				CLANG_WARN_DIRECT_OBJC_ISA_USAGE = YES_ERROR;
				CLANG_WARN_DOCUMENTATION_COMMENTS = YES;
				CLANG_WARN_EMPTY_BODY = YES;
				CLANG_WARN_ENUM_CONVERSION = YES;
				CLANG_WARN_INFINITE_RECURSION = YES;
				CLANG_WARN_INT_CONVERSION = YES;
				CLANG_WARN_NON_LITERAL_NULL_CONVERSION = YES;
				CLANG_WARN_OBJC_IMPLICIT_RETAIN_SELF = YES;
				CLANG_WARN_OBJC_LITERAL_CONVERSION = YES;
				CLANG_WARN_OBJC_ROOT_CLASS = YES_ERROR;
				CLANG_WARN_QUOTED_INCLUDE_IN_FRAMEWORK_HEADER = YES;
				CLANG_WARN_RANGE_LOOP_ANALYSIS = YES;
				CLANG_WARN_STRICT_PROTOTYPES = YES;
				CLANG_WARN_SUSPICIOUS_MOVE = YES;
				CLANG_WARN_UNGUARDED_AVAILABILITY = YES_AGGRESSIVE;
				CLANG_WARN_UNREACHABLE_CODE = YES;
				CLANG_WARN__DUPLICATE_METHOD_MATCH = YES;
				CODE_SIGN_IDENTITY = "iPhone Distribution";
				COPY_PHASE_STRIP = NO;
				DEBUG_INFORMATION_FORMAT = dwarf;
				ENABLE_STRICT_OBJC_MSGSEND = YES;
				ENABLE_TESTABILITY = YES;
				GCC_C_LANGUAGE_STANDARD = gnu11;
				GCC_DYNAMIC_NO_PIC = NO;
				GCC_NO_COMMON_BLOCKS = YES;
				GCC_OPTIMIZATION_LEVEL = 0;
				GCC_PREPROCESSOR_DEFINITIONS = (
					"DEBUG=1",
					"$(inherited)",
				);
				GCC_WARN_64_TO_32_BIT_CONVERSION = YES;
				GCC_WARN_ABOUT_RETURN_TYPE = YES_ERROR;
				GCC_WARN_UNDECLARED_SELECTOR = YES;
				GCC_WARN_UNINITIALIZED_AUTOS = YES_AGGRESSIVE;
				GCC_WARN_UNUSED_FUNCTION = YES;
				GCC_WARN_UNUSED_VARIABLE = YES;
				IPHONEOS_DEPLOYMENT_TARGET = 13.5;
				MTL_ENABLE_DEBUG_INFO = INCLUDE_SOURCE;
				MTL_FAST_MATH = YES;
				ONLY_ACTIVE_ARCH = YES;
				SDKROOT = iphoneos;
				SWIFT_ACTIVE_COMPILATION_CONDITIONS = DEBUG;
				SWIFT_OPTIMIZATION_LEVEL = "-Onone";
			};
			name = Debug;
		};
		2A5E94C924A1C73E000596D8 /* Release */ = {
			isa = XCBuildConfiguration;
			buildSettings = {
				ALWAYS_SEARCH_USER_PATHS = NO;
				CLANG_ANALYZER_NONNULL = YES;
				CLANG_ANALYZER_NUMBER_OBJECT_CONVERSION = YES_AGGRESSIVE;
				CLANG_CXX_LANGUAGE_STANDARD = "gnu++14";
				CLANG_CXX_LIBRARY = "libc++";
				CLANG_ENABLE_MODULES = YES;
				CLANG_ENABLE_OBJC_ARC = YES;
				CLANG_ENABLE_OBJC_WEAK = YES;
				CLANG_WARN_BLOCK_CAPTURE_AUTORELEASING = YES;
				CLANG_WARN_BOOL_CONVERSION = YES;
				CLANG_WARN_COMMA = YES;
				CLANG_WARN_CONSTANT_CONVERSION = YES;
				CLANG_WARN_DEPRECATED_OBJC_IMPLEMENTATIONS = YES;
				CLANG_WARN_DIRECT_OBJC_ISA_USAGE = YES_ERROR;
				CLANG_WARN_DOCUMENTATION_COMMENTS = YES;
				CLANG_WARN_EMPTY_BODY = YES;
				CLANG_WARN_ENUM_CONVERSION = YES;
				CLANG_WARN_INFINITE_RECURSION = YES;
				CLANG_WARN_INT_CONVERSION = YES;
				CLANG_WARN_NON_LITERAL_NULL_CONVERSION = YES;
				CLANG_WARN_OBJC_IMPLICIT_RETAIN_SELF = YES;
				CLANG_WARN_OBJC_LITERAL_CONVERSION = YES;
				CLANG_WARN_OBJC_ROOT_CLASS = YES_ERROR;
				CLANG_WARN_QUOTED_INCLUDE_IN_FRAMEWORK_HEADER = YES;
				CLANG_WARN_RANGE_LOOP_ANALYSIS = YES;
				CLANG_WARN_STRICT_PROTOTYPES = YES;
				CLANG_WARN_SUSPICIOUS_MOVE = YES;
				CLANG_WARN_UNGUARDED_AVAILABILITY = YES_AGGRESSIVE;
				CLANG_WARN_UNREACHABLE_CODE = YES;
				CLANG_WARN__DUPLICATE_METHOD_MATCH = YES;
				CODE_SIGN_IDENTITY = "iPhone Distribution";
				COPY_PHASE_STRIP = NO;
				DEBUG_INFORMATION_FORMAT = "dwarf-with-dsym";
				ENABLE_NS_ASSERTIONS = NO;
				ENABLE_STRICT_OBJC_MSGSEND = YES;
				GCC_C_LANGUAGE_STANDARD = gnu11;
				GCC_NO_COMMON_BLOCKS = YES;
				GCC_WARN_64_TO_32_BIT_CONVERSION = YES;
				GCC_WARN_ABOUT_RETURN_TYPE = YES_ERROR;
				GCC_WARN_UNDECLARED_SELECTOR = YES;
				GCC_WARN_UNINITIALIZED_AUTOS = YES_AGGRESSIVE;
				GCC_WARN_UNUSED_FUNCTION = YES;
				GCC_WARN_UNUSED_VARIABLE = YES;
				IPHONEOS_DEPLOYMENT_TARGET = 13.5;
				MTL_ENABLE_DEBUG_INFO = NO;
				MTL_FAST_MATH = YES;
				SDKROOT = iphoneos;
				SWIFT_COMPILATION_MODE = wholemodule;
				SWIFT_OPTIMIZATION_LEVEL = "-O";
				VALIDATE_PRODUCT = YES;
			};
			name = Release;
		};
		2A5E94CB24A1C73E000596D8 /* Debug */ = {
			isa = XCBuildConfiguration;
			baseConfigurationReference = D0B22AD1724CE7C93030A3CC /* Pods-Nemo.debug.xcconfig */;
			buildSettings = {
				ASSETCATALOG_COMPILER_APPICON_NAME = AppIcon;
				CODE_SIGN_IDENTITY = "Apple Development";
				CODE_SIGN_STYLE = Automatic;
				DEVELOPMENT_TEAM = KXKQCH6X89;
				INFOPLIST_FILE = Nemo/SupportingFiles/Info.plist;
				IPHONEOS_DEPLOYMENT_TARGET = 13.0;
				LD_RUNPATH_SEARCH_PATHS = (
					"$(inherited)",
					"@executable_path/Frameworks",
				);
				MARKETING_VERSION = 1.0.4;
				PRODUCT_BUNDLE_IDENTIFIER = com.Nemo.ParkYoungHo;
				PRODUCT_NAME = "$(TARGET_NAME)";
				PROVISIONING_PROFILE_SPECIFIER = "";
				SWIFT_VERSION = 5.0;
				TARGETED_DEVICE_FAMILY = 1;
			};
			name = Debug;
		};
		2A5E94CC24A1C73E000596D8 /* Release */ = {
			isa = XCBuildConfiguration;
			baseConfigurationReference = 824906C8C52517E3020608CD /* Pods-Nemo.release.xcconfig */;
			buildSettings = {
				ASSETCATALOG_COMPILER_APPICON_NAME = AppIcon;
				CODE_SIGN_IDENTITY = "Apple Development";
				CODE_SIGN_STYLE = Automatic;
				DEVELOPMENT_TEAM = KXKQCH6X89;
				INFOPLIST_FILE = Nemo/SupportingFiles/Info.plist;
				IPHONEOS_DEPLOYMENT_TARGET = 13.0;
				LD_RUNPATH_SEARCH_PATHS = (
					"$(inherited)",
					"@executable_path/Frameworks",
				);
				MARKETING_VERSION = 1.0.4;
				PRODUCT_BUNDLE_IDENTIFIER = com.Nemo.ParkYoungHo;
				PRODUCT_NAME = "$(TARGET_NAME)";
				PROVISIONING_PROFILE_SPECIFIER = "";
				SWIFT_VERSION = 5.0;
				TARGETED_DEVICE_FAMILY = 1;
			};
			name = Release;
		};
/* End XCBuildConfiguration section */

/* Begin XCConfigurationList section */
		2A5E94AE24A1C73B000596D8 /* Build configuration list for PBXProject "Nemo" */ = {
			isa = XCConfigurationList;
			buildConfigurations = (
				2A5E94C824A1C73E000596D8 /* Debug */,
				2A5E94C924A1C73E000596D8 /* Release */,
			);
			defaultConfigurationIsVisible = 0;
			defaultConfigurationName = Release;
		};
		2A5E94CA24A1C73E000596D8 /* Build configuration list for PBXNativeTarget "Nemo" */ = {
			isa = XCConfigurationList;
			buildConfigurations = (
				2A5E94CB24A1C73E000596D8 /* Debug */,
				2A5E94CC24A1C73E000596D8 /* Release */,
			);
			defaultConfigurationIsVisible = 0;
			defaultConfigurationName = Release;
		};
/* End XCConfigurationList section */

/* Begin XCVersionGroup section */
		2A5E94BF24A1C73B000596D8 /* BrainSupporter2.xcdatamodeld */ = {
			isa = XCVersionGroup;
			children = (
				2A5E94C024A1C73B000596D8 /* BrainSupporter2.xcdatamodel */,
			);
			currentVersion = 2A5E94C024A1C73B000596D8 /* BrainSupporter2.xcdatamodel */;
			path = BrainSupporter2.xcdatamodeld;
			sourceTree = "<group>";
			versionGroupType = wrapper.xcdatamodel;
		};
/* End XCVersionGroup section */
	};
	rootObject = 2A5E94AB24A1C73B000596D8 /* Project object */;
}
